{"1.2.0",
[{<<"cowboy">>,{pkg,<<"cowboy">>,<<"2.14.2">>},2},
 {<<"cowlib">>,{pkg,<<"cowlib">>,<<"2.16.0">>},3},
 {<<"logger_telegram_h">>,{pkg,<<"logger_telegram_h">>,<<"0.1.0">>},0},
 {<<"ranch">>,{pkg,<<"ranch">>,<<"2.2.0">>},3},
 {<<"telegram_bot_api">>,{pkg,<<"telegram_bot_api">>,<<"2.5.0">>},1},
 {<<"worker_pool">>,{pkg,<<"worker_pool">>,<<"6.5.3">>},2}]}.
[
{pkg_hash,[
 {<<"cowboy">>, <<"4008BE1DF6ADE45E4F2A4E9E2D22B36D0B5ABA4E20B0A0D7049E28D124E34847">>},
 {<<"cowlib">>, <<"54592074EBBBB92EE4746C8A8846E5605052F29309D3A873468D76CDF932076F">>},
 {<<"logger_telegram_h">>, <<"B8B0974B4A530B7EF56F17BD0201A086CFE07CC3297251F2404346F90CFA4F65">>},
 {<<"ranch">>, <<"25528F82BC8D7C6152C57666CA99EC716510FE0925CB188172F41CE93117B1B0">>},
 {<<"telegram_bot_api">>, <<"F681314921D5EB6487AA1B70F877B78A7994DCE2DD59EEE70640E3D39FD4A4C8">>},
 {<<"worker_pool">>, <<"C73849E313896FF6329B15DBAA0C432439BB22E0AC5228CF898915925ECEDBB8">>}]},
{pkg_hash_ext,[
 {<<"cowboy">>, <<"569081DA046E7B41B5DF36AA359BE71A0C8874E5B9CFF6F747073FC57BAF1AB9">>},
 {<<"cowlib">>, <<"7F478D80D66B747344F0EA7708C187645CFCC08B11AA424632F78E25BF05DB51">>},
 {<<"logger_telegram_h">>, <<"0D687F9D83DCF0EFC4BDFA511FAC48A9563F6BE424FAE8B5B7DE5C6EACE3FD6B">>},
 {<<"ranch">>, <<"FA0B99A1780C80218A4197A59EA8D3BDAE32FBFF7E88527D7D8A4787EFF4F8E7">>},
 {<<"telegram_bot_api">>, <<"6ABEF205B9D0B6E7234469FD44B30E4077B49B6BCB8AE033BF9C1E967E8C44BC">>},
 {<<"worker_pool">>, <<"BE6D63225C4BB538FBDDBAC38947C5DEF51B14FBF90B13CD9CF0C3349484FB73">>}]}
].
